
Microsoft Visual Studio Solution File, Format Version 12.00
# Visual Studio 15
VisualStudioVersion = 15.0.28307.421
MinimumVisualStudioVersion = 10.0.40219.1
Project("{FAE04EC0-301F-11D3-BF4B-00C04F79EFBC}") = "AmazonTests", "AmazonTests\AmazonTests.csproj", "{8550222C-0E95-4F09-9D36-793C83DF4684}"
EndProject
Global
	GlobalSection(SolutionConfigurationPlatforms) = preSolution
		Debug|Any CPU = Debug|Any CPU
		Release|Any CPU = Release|Any CPU
	EndGlobalSection
	GlobalSection(ProjectConfigurationPlatforms) = postSolution
		{8550222C-0E95-4F09-9D36-793C83DF4684}.Debug|Any CPU.ActiveCfg = Debug|Any CPU
		{8550222C-0E95-4F09-9D36-793C83DF4684}.Debug|Any CPU.Build.0 = Debug|Any CPU
		{8550222C-0E95-4F09-9D36-793C83DF4684}.Release|Any CPU.ActiveCfg = Release|Any CPU
		{8550222C-0E95-4F09-9D36-793C83DF4684}.Release|Any CPU.Build.0 = Release|Any CPU
	EndGlobalSection
	GlobalSection(SolutionProperties) = preSolution
		HideSolutionNode = FALSE
	EndGlobalSection
	GlobalSection(ExtensibilityGlobals) = postSolution
		SolutionGuid = {560A8FCF-6526-4102-A6C7-6CEF92E9E9B4}
	EndGlobalSection
EndGlobal
